
Microsoft Visual Studio Solution File, Format Version 12.00
# Visual Studio Version 17
VisualStudioVersion = 17.11.35312.102
MinimumVisualStudioVersion = 10.0.40219.1
Project("{8BC9CEB8-8B4A-11D0-8D11-00A0C91BC942}") = "lab_06.4_it", "lab_06.4_it\lab_06.4_it.vcxproj", "{FE82F251-1F84-4D24-970E-8A6ECB73BF26}"
EndProject
Project("{8BC9CEB8-8B4A-11D0-8D11-00A0C91BC942}") = "UnitTest_06.4_it", "UnitTest_06.4_it\UnitTest_06.4_it.vcxproj", "{FFABA04D-D1E0-44F6-9958-668CB428A404}"
EndProject
Global
	GlobalSection(SolutionConfigurationPlatforms) = preSolution
		Debug|x64 = Debug|x64
		Debug|x86 = Debug|x86
		Release|x64 = Release|x64
		Release|x86 = Release|x86
	EndGlobalSection
	GlobalSection(ProjectConfigurationPlatforms) = postSolution
		{FE82F251-1F84-4D24-970E-8A6ECB73BF26}.Debug|x64.ActiveCfg = Debug|x64
		{FE82F251-1F84-4D24-970E-8A6ECB73BF26}.Debug|x64.Build.0 = Debug|x64
		{FE82F251-1F84-4D24-970E-8A6ECB73BF26}.Debug|x86.ActiveCfg = Debug|Win32
		{FE82F251-1F84-4D24-970E-8A6ECB73BF26}.Debug|x86.Build.0 = Debug|Win32
		{FE82F251-1F84-4D24-970E-8A6ECB73BF26}.Release|x64.ActiveCfg = Release|x64
		{FE82F251-1F84-4D24-970E-8A6ECB73BF26}.Release|x64.Build.0 = Release|x64
		{FE82F251-1F84-4D24-970E-8A6ECB73BF26}.Release|x86.ActiveCfg = Release|Win32
		{FE82F251-1F84-4D24-970E-8A6ECB73BF26}.Release|x86.Build.0 = Release|Win32
		{FFABA04D-D1E0-44F6-9958-668CB428A404}.Debug|x64.ActiveCfg = Debug|x64
		{FFABA04D-D1E0-44F6-9958-668CB428A404}.Debug|x64.Build.0 = Debug|x64
		{FFABA04D-D1E0-44F6-9958-668CB428A404}.Debug|x86.ActiveCfg = Debug|Win32
		{FFABA04D-D1E0-44F6-9958-668CB428A404}.Debug|x86.Build.0 = Debug|Win32
		{FFABA04D-D1E0-44F6-9958-668CB428A404}.Release|x64.ActiveCfg = Release|x64
		{FFABA04D-D1E0-44F6-9958-668CB428A404}.Release|x64.Build.0 = Release|x64
		{FFABA04D-D1E0-44F6-9958-668CB428A404}.Release|x86.ActiveCfg = Release|Win32
		{FFABA04D-D1E0-44F6-9958-668CB428A404}.Release|x86.Build.0 = Release|Win32
	EndGlobalSection
	GlobalSection(SolutionProperties) = preSolution
		HideSolutionNode = FALSE
	EndGlobalSection
	GlobalSection(ExtensibilityGlobals) = postSolution
		SolutionGuid = {DB2606DA-7A57-4341-917A-B99FAB7EFD64}
	EndGlobalSection
EndGlobal
